
Microsoft Visual Studio Solution File, Format Version 12.00
# Visual Studio Version 16
VisualStudioVersion = 16.0.31205.134
MinimumVisualStudioVersion = 10.0.40219.1
Project("{8BC9CEB8-8B4A-11D0-8D11-00A0C91BC942}") = "GuitarApp", "GuitarApp\GuitarApp.vcxproj", "{403A4745-1652-4F83-B7EC-23E29C5DE844}"
EndProject
Global
	GlobalSection(SolutionConfigurationPlatforms) = preSolution
		Debug|x64 = Debug|x64
		Debug|x86 = Debug|x86
		Release|x64 = Release|x64
		Release|x86 = Release|x86
	EndGlobalSection
	GlobalSection(ProjectConfigurationPlatforms) = postSolution
		{403A4745-1652-4F83-B7EC-23E29C5DE844}.Debug|x64.ActiveCfg = Debug|x64
		{403A4745-1652-4F83-B7EC-23E29C5DE844}.Debug|x64.Build.0 = Debug|x64
		{403A4745-1652-4F83-B7EC-23E29C5DE844}.Debug|x86.ActiveCfg = Debug|Win32
		{403A4745-1652-4F83-B7EC-23E29C5DE844}.Debug|x86.Build.0 = Debug|Win32
		{403A4745-1652-4F83-B7EC-23E29C5DE844}.Release|x64.ActiveCfg = Release|x64
		{403A4745-1652-4F83-B7EC-23E29C5DE844}.Release|x64.Build.0 = Release|x64
		{403A4745-1652-4F83-B7EC-23E29C5DE844}.Release|x86.ActiveCfg = Release|Win32
		{403A4745-1652-4F83-B7EC-23E29C5DE844}.Release|x86.Build.0 = Release|Win32
	EndGlobalSection
	GlobalSection(SolutionProperties) = preSolution
		HideSolutionNode = FALSE
	EndGlobalSection
	GlobalSection(ExtensibilityGlobals) = postSolution
		SolutionGuid = {385AE3C1-C8DE-42B8-9F56-4E95CDAEEDDC}
	EndGlobalSection
EndGlobal
